
Microsoft Visual Studio Solution File, Format Version 12.00
# Visual Studio Version 17
VisualStudioVersion = 17.11.35327.3
MinimumVisualStudioVersion = 10.0.40219.1
Project("{FAE04EC0-301F-11D3-BF4B-00C04F79EFBC}") = "practicum26 task 3", "practicum26 task 3.csproj", "{E1FD1095-A8F1-46BD-AA4C-E7275126C03A}"
EndProject
Global
	GlobalSection(SolutionConfigurationPlatforms) = preSolution
		Debug|Any CPU = Debug|Any CPU
		Release|Any CPU = Release|Any CPU
	EndGlobalSection
	GlobalSection(ProjectConfigurationPlatforms) = postSolution
		{E1FD1095-A8F1-46BD-AA4C-E7275126C03A}.Debug|Any CPU.ActiveCfg = Debug|Any CPU
		{E1FD1095-A8F1-46BD-AA4C-E7275126C03A}.Debug|Any CPU.Build.0 = Debug|Any CPU
		{E1FD1095-A8F1-46BD-AA4C-E7275126C03A}.Release|Any CPU.ActiveCfg = Release|Any CPU
		{E1FD1095-A8F1-46BD-AA4C-E7275126C03A}.Release|Any CPU.Build.0 = Release|Any CPU
	EndGlobalSection
	GlobalSection(SolutionProperties) = preSolution
		HideSolutionNode = FALSE
	EndGlobalSection
	GlobalSection(ExtensibilityGlobals) = postSolution
		SolutionGuid = {AC5020EC-6FF8-4931-AECD-1B843F17891E}
	EndGlobalSection
EndGlobal
